{"1.2.0",
[{<<"bson">>,
  {git,"git://github.com/comtihon/bson-erlang",
       {ref,"14308ab927cfa69324742c3de720578094e0bb19"}},
  2},
 {<<"enif_protobuf">>,
  {git,"https://github.com/DominicGame/enif_protobuf.git",
       {ref,"7e18175973fc2e89894f57769ebf43aea26e942b"}},
  0},
 {<<"jsx">>,{pkg,<<"jsx">>,<<"3.0.0">>},1},
 {<<"mongodb">>,
  {git,"git://github.com/comtihon/mongodb-erlang",
       {ref,"bf76ceae546869408e34f3b0f5ab5ed59b9b7da7"}},
  1},
 {<<"mysql">>,{pkg,<<"mysql">>,<<"1.6.0">>},2},
 {<<"mysql_poolboy">>,
  {git,"https://github.com/mysql-otp/mysql-otp-poolboy",
       {ref,"c35df65abcbd29a65b71193839ee977cea7b219f"}},
  1},
 {<<"pbkdf2">>,
  {git,"git://github.com/comtihon/erlang-pbkdf2.git",
       {ref,"5201a735639496fc595061160117e4ec155d73f5"}},
  2},
 {<<"poolboy">>,
  {git,"git://github.com/comtihon/poolboy.git",
       {ref,"9c06a9ad4e700e0724a2e3c4b44c5f5d51380a0d"}},
  2},
 {<<"ptolemaios_lib">>,
  {git,"https://github.com/DominicGame/ptolemaios_lib.git",
       {ref,"8e676ccd1382b0aa923623155cd0fb778b231300"}},
  0},
 {<<"ranch">>,{pkg,<<"ranch">>,<<"2.0.0">>},0}]}.
[
{pkg_hash,[
 {<<"jsx">>, <<"20A170ABD4335FC6DB24D5FAD1E5D677C55DADF83D1B20A8A33B5FE159892A39">>},
 {<<"mysql">>, <<"F7858A8BAB3DEB21684161F3A557DFC9698B1E212DCFCD182F89F93AEA740431">>},
 {<<"ranch">>, <<"FBF3D79661C071543256F9051CAF19D65DAA6DF1CF6824D8F37A49B19A66F703">>}]},
{pkg_hash_ext,[
 {<<"jsx">>, <<"37BECA0435F5CA8A2F45F76A46211E76418FBEF80C36F0361C249FC75059DC6D">>},
 {<<"mysql">>, <<"0B7B72927F99EB89E5AC2DAA5DB05DAAC6FDE99FDEA33B02406913A617F4A1A7">>},
 {<<"ranch">>, <<"C20A4840C7D6623C19812D3A7C828B2F1BD153EF0F124CB69C54FE51D8A42AE0">>}]}
].
